// !$*UTF8*$!
{
	archiveVersion = 1;
	classes = {
	};
	objectVersion = 55;
	objects = {

/* Begin PBXBuildFile section */
		2931645828046951004CCC50 /* CombineCardView.swift in Sources */ = {isa = PBXBuildFile; fileRef = 2931645728046951004CCC50 /* CombineCardView.swift */; };
		2931645B2805A174004CCC50 /* UILabel.swift in Sources */ = {isa = PBXBuildFile; fileRef = 2931645A2805A174004CCC50 /* UILabel.swift */; };
		2931645D2805AB9F004CCC50 /* Usuario.swift in Sources */ = {isa = PBXBuildFile; fileRef = 2931645C2805AB9F004CCC50 /* Usuario.swift */; };
		293164612805B053004CCC50 /* UsuarioService.swift in Sources */ = {isa = PBXBuildFile; fileRef = 293164602805B053004CCC50 /* UsuarioService.swift */; };
		2939D7FA280766AF005676B7 /* UIImageView.swift in Sources */ = {isa = PBXBuildFile; fileRef = 2939D7F9280766AF005676B7 /* UIImageView.swift */; };
		2939D7FC2807930F005676B7 /* UIButton.swift in Sources */ = {isa = PBXBuildFile; fileRef = 2939D7FB2807930F005676B7 /* UIButton.swift */; };
		2971AFAF2800620000986860 /* AppDelegate.swift in Sources */ = {isa = PBXBuildFile; fileRef = 2971AFAE2800620000986860 /* AppDelegate.swift */; };
		2971AFB12800620000986860 /* SceneDelegate.swift in Sources */ = {isa = PBXBuildFile; fileRef = 2971AFB02800620000986860 /* SceneDelegate.swift */; };
		2971AFB32800620000986860 /* ViewController.swift in Sources */ = {isa = PBXBuildFile; fileRef = 2971AFB22800620000986860 /* ViewController.swift */; };
		2971AFB62800620000986860 /* Main.storyboard in Resources */ = {isa = PBXBuildFile; fileRef = 2971AFB42800620000986860 /* Main.storyboard */; };
		2971AFB82800620000986860 /* Assets.xcassets in Resources */ = {isa = PBXBuildFile; fileRef = 2971AFB72800620000986860 /* Assets.xcassets */; };
		2971AFBB2800620000986860 /* LaunchScreen.storyboard in Resources */ = {isa = PBXBuildFile; fileRef = 2971AFB92800620000986860 /* LaunchScreen.storyboard */; };
		2971AFC32800623200986860 /* UIView.swift in Sources */ = {isa = PBXBuildFile; fileRef = 2971AFC22800623200986860 /* UIView.swift */; };
		2971AFC52800781B00986860 /* CombineVC.swift in Sources */ = {isa = PBXBuildFile; fileRef = 2971AFC42800781B00986860 /* CombineVC.swift */; };
/* End PBXBuildFile section */

/* Begin PBXFileReference section */
		2931645728046951004CCC50 /* CombineCardView.swift */ = {isa = PBXFileReference; lastKnownFileType = sourcecode.swift; path = CombineCardView.swift; sourceTree = "<group>"; };
		2931645A2805A174004CCC50 /* UILabel.swift */ = {isa = PBXFileReference; lastKnownFileType = sourcecode.swift; path = UILabel.swift; sourceTree = "<group>"; };
		2931645C2805AB9F004CCC50 /* Usuario.swift */ = {isa = PBXFileReference; lastKnownFileType = sourcecode.swift; path = Usuario.swift; sourceTree = "<group>"; };
		293164602805B053004CCC50 /* UsuarioService.swift */ = {isa = PBXFileReference; lastKnownFileType = sourcecode.swift; path = UsuarioService.swift; sourceTree = "<group>"; };
		2939D7F9280766AF005676B7 /* UIImageView.swift */ = {isa = PBXFileReference; lastKnownFileType = sourcecode.swift; path = UIImageView.swift; sourceTree = "<group>"; };
		2939D7FB2807930F005676B7 /* UIButton.swift */ = {isa = PBXFileReference; lastKnownFileType = sourcecode.swift; path = UIButton.swift; sourceTree = "<group>"; };
		2971AFAB2800620000986860 /* AppTinder.app */ = {isa = PBXFileReference; explicitFileType = wrapper.application; includeInIndex = 0; path = AppTinder.app; sourceTree = BUILT_PRODUCTS_DIR; };
		2971AFAE2800620000986860 /* AppDelegate.swift */ = {isa = PBXFileReference; lastKnownFileType = sourcecode.swift; path = AppDelegate.swift; sourceTree = "<group>"; };
		2971AFB02800620000986860 /* SceneDelegate.swift */ = {isa = PBXFileReference; lastKnownFileType = sourcecode.swift; path = SceneDelegate.swift; sourceTree = "<group>"; };
		2971AFB22800620000986860 /* ViewController.swift */ = {isa = PBXFileReference; lastKnownFileType = sourcecode.swift; path = ViewController.swift; sourceTree = "<group>"; };
		2971AFB52800620000986860 /* Base */ = {isa = PBXFileReference; lastKnownFileType = file.storyboard; name = Base; path = Base.lproj/Main.storyboard; sourceTree = "<group>"; };
		2971AFB72800620000986860 /* Assets.xcassets */ = {isa = PBXFileReference; lastKnownFileType = folder.assetcatalog; path = Assets.xcassets; sourceTree = "<group>"; };
		2971AFBA2800620000986860 /* Base */ = {isa = PBXFileReference; lastKnownFileType = file.storyboard; name = Base; path = Base.lproj/LaunchScreen.storyboard; sourceTree = "<group>"; };
		2971AFBC2800620000986860 /* Info.plist */ = {isa = PBXFileReference; lastKnownFileType = text.plist.xml; path = Info.plist; sourceTree = "<group>"; };
		2971AFC22800623200986860 /* UIView.swift */ = {isa = PBXFileReference; lastKnownFileType = sourcecode.swift; path = UIView.swift; sourceTree = "<group>"; };
		2971AFC42800781B00986860 /* CombineVC.swift */ = {isa = PBXFileReference; lastKnownFileType = sourcecode.swift; path = CombineVC.swift; sourceTree = "<group>"; };
/* End PBXFileReference section */

/* Begin PBXFrameworksBuildPhase section */
		2971AFA82800620000986860 /* Frameworks */ = {
			isa = PBXFrameworksBuildPhase;
			buildActionMask = 2147483647;
			files = (
			);
			runOnlyForDeploymentPostprocessing = 0;
		};
/* End PBXFrameworksBuildPhase section */

/* Begin PBXGroup section */
		293164562804693A004CCC50 /* View */ = {
			isa = PBXGroup;
			children = (
				2931645728046951004CCC50 /* CombineCardView.swift */,
			);
			path = View;
			sourceTree = "<group>";
		};
		293164592805A163004CCC50 /* Lib */ = {
			isa = PBXGroup;
			children = (
				2971AFC22800623200986860 /* UIView.swift */,
				2931645A2805A174004CCC50 /* UILabel.swift */,
				2939D7F9280766AF005676B7 /* UIImageView.swift */,
				2939D7FB2807930F005676B7 /* UIButton.swift */,
			);
			path = Lib;
			sourceTree = "<group>";
		};
		2931645F2805ABB5004CCC50 /* Model */ = {
			isa = PBXGroup;
			children = (
				2931645C2805AB9F004CCC50 /* Usuario.swift */,
			);
			path = Model;
			sourceTree = "<group>";
		};
		2971AFA22800620000986860 = {
			isa = PBXGroup;
			children = (
				293164602805B053004CCC50 /* UsuarioService.swift */,
				2931645F2805ABB5004CCC50 /* Model */,
				293164562804693A004CCC50 /* View */,
				2971AFC62800781F00986860 /* Controller */,
				293164592805A163004CCC50 /* Lib */,
				2971AFAD2800620000986860 /* AppTinder */,
				2971AFAC2800620000986860 /* Products */,
			);
			sourceTree = "<group>";
		};
		2971AFAC2800620000986860 /* Products */ = {
			isa = PBXGroup;
			children = (
				2971AFAB2800620000986860 /* AppTinder.app */,
			);
			name = Products;
			sourceTree = "<group>";
		};
		2971AFAD2800620000986860 /* AppTinder */ = {
			isa = PBXGroup;
			children = (
				2971AFAE2800620000986860 /* AppDelegate.swift */,
				2971AFB02800620000986860 /* SceneDelegate.swift */,
				2971AFB22800620000986860 /* ViewController.swift */,
				2971AFB42800620000986860 /* Main.storyboard */,
				2971AFB72800620000986860 /* Assets.xcassets */,
				2971AFB92800620000986860 /* LaunchScreen.storyboard */,
				2971AFBC2800620000986860 /* Info.plist */,
			);
			path = AppTinder;
			sourceTree = "<group>";
		};
		2971AFC62800781F00986860 /* Controller */ = {
			isa = PBXGroup;
			children = (
				2971AFC42800781B00986860 /* CombineVC.swift */,
			);
			path = Controller;
			sourceTree = "<group>";
		};
/* End PBXGroup section */

/* Begin PBXNativeTarget section */
		2971AFAA2800620000986860 /* AppTinder */ = {
			isa = PBXNativeTarget;
			buildConfigurationList = 2971AFBF2800620000986860 /* Build configuration list for PBXNativeTarget "AppTinder" */;
			buildPhases = (
				2971AFA72800620000986860 /* Sources */,
				2971AFA82800620000986860 /* Frameworks */,
				2971AFA92800620000986860 /* Resources */,
			);
			buildRules = (
			);
			dependencies = (
			);
			name = AppTinder;
			productName = AppTinder;
			productReference = 2971AFAB2800620000986860 /* AppTinder.app */;
			productType = "com.apple.product-type.application";
		};
/* End PBXNativeTarget section */

/* Begin PBXProject section */
		2971AFA32800620000986860 /* Project object */ = {
			isa = PBXProject;
			attributes = {
				BuildIndependentTargetsInParallel = 1;
				LastSwiftUpdateCheck = 1330;
				LastUpgradeCheck = 1330;
				TargetAttributes = {
					2971AFAA2800620000986860 = {
						CreatedOnToolsVersion = 13.3;
					};
				};
			};
			buildConfigurationList = 2971AFA62800620000986860 /* Build configuration list for PBXProject "AppTinder" */;
			compatibilityVersion = "Xcode 13.0";
			developmentRegion = en;
			hasScannedForEncodings = 0;
			knownRegions = (
				en,
				Base,
			);
			mainGroup = 2971AFA22800620000986860;
			productRefGroup = 2971AFAC2800620000986860 /* Products */;
			projectDirPath = "";
			projectRoot = "";
			targets = (
				2971AFAA2800620000986860 /* AppTinder */,
			);
		};
/* End PBXProject section */

/* Begin PBXResourcesBuildPhase section */
		2971AFA92800620000986860 /* Resources */ = {
			isa = PBXResourcesBuildPhase;
			buildActionMask = 2147483647;
			files = (
				2971AFBB2800620000986860 /* LaunchScreen.storyboard in Resources */,
				2971AFB82800620000986860 /* Assets.xcassets in Resources */,
				2971AFB62800620000986860 /* Main.storyboard in Resources */,
			);
			runOnlyForDeploymentPostprocessing = 0;
		};
/* End PBXResourcesBuildPhase section */

/* Begin PBXSourcesBuildPhase section */
		2971AFA72800620000986860 /* Sources */ = {
			isa = PBXSourcesBuildPhase;
			buildActionMask = 2147483647;
			files = (
				293164612805B053004CCC50 /* UsuarioService.swift in Sources */,
				2931645D2805AB9F004CCC50 /* Usuario.swift in Sources */,
				2971AFC32800623200986860 /* UIView.swift in Sources */,
				2971AFB32800620000986860 /* ViewController.swift in Sources */,
				2931645B2805A174004CCC50 /* UILabel.swift in Sources */,
				2931645828046951004CCC50 /* CombineCardView.swift in Sources */,
				2939D7FA280766AF005676B7 /* UIImageView.swift in Sources */,
				2971AFAF2800620000986860 /* AppDelegate.swift in Sources */,
				2939D7FC2807930F005676B7 /* UIButton.swift in Sources */,
				2971AFB12800620000986860 /* SceneDelegate.swift in Sources */,
				2971AFC52800781B00986860 /* CombineVC.swift in Sources */,
			);
			runOnlyForDeploymentPostprocessing = 0;
		};
/* End PBXSourcesBuildPhase section */

/* Begin PBXVariantGroup section */
		2971AFB42800620000986860 /* Main.storyboard */ = {
			isa = PBXVariantGroup;
			children = (
				2971AFB52800620000986860 /* Base */,
			);
			name = Main.storyboard;
			sourceTree = "<group>";
		};
		2971AFB92800620000986860 /* LaunchScreen.storyboard */ = {
			isa = PBXVariantGroup;
			children = (
				2971AFBA2800620000986860 /* Base */,
			);
			name = LaunchScreen.storyboard;
			sourceTree = "<group>";
		};
/* End PBXVariantGroup section */

/* Begin XCBuildConfiguration section */
		2971AFBD2800620000986860 /* Debug */ = {
			isa = XCBuildConfiguration;
			buildSettings = {
				ALWAYS_SEARCH_USER_PATHS = NO;
				CLANG_ANALYZER_NONNULL = YES;
				CLANG_ANALYZER_NUMBER_OBJECT_CONVERSION = YES_AGGRESSIVE;
				CLANG_CXX_LANGUAGE_STANDARD = "gnu++17";
				CLANG_ENABLE_MODULES = YES;
				CLANG_ENABLE_OBJC_ARC = YES;
				CLANG_ENABLE_OBJC_WEAK = YES;
				CLANG_WARN_BLOCK_CAPTURE_AUTORELEASING = YES;
				CLANG_WARN_BOOL_CONVERSION = YES;
				CLANG_WARN_COMMA = YES;
				CLANG_WARN_CONSTANT_CONVERSION = YES;
				CLANG_WARN_DEPRECATED_OBJC_IMPLEMENTATIONS = YES;
				CLANG_WARN_DIRECT_OBJC_ISA_USAGE = YES_ERROR;
				CLANG_WARN_DOCUMENTATION_COMMENTS = YES;
				CLANG_WARN_EMPTY_BODY = YES;
				CLANG_WARN_ENUM_CONVERSION = YES;
				CLANG_WARN_INFINITE_RECURSION = YES;
				CLANG_WARN_INT_CONVERSION = YES;
				CLANG_WARN_NON_LITERAL_NULL_CONVERSION = YES;
				CLANG_WARN_OBJC_IMPLICIT_RETAIN_SELF = YES;
				CLANG_WARN_OBJC_LITERAL_CONVERSION = YES;
				CLANG_WARN_OBJC_ROOT_CLASS = YES_ERROR;
				CLANG_WARN_QUOTED_INCLUDE_IN_FRAMEWORK_HEADER = YES;
				CLANG_WARN_RANGE_LOOP_ANALYSIS = YES;
				CLANG_WARN_STRICT_PROTOTYPES = YES;
				CLANG_WARN_SUSPICIOUS_MOVE = YES;
				CLANG_WARN_UNGUARDED_AVAILABILITY = YES_AGGRESSIVE;
				CLANG_WARN_UNREACHABLE_CODE = YES;
				CLANG_WARN__DUPLICATE_METHOD_MATCH = YES;
				COPY_PHASE_STRIP = NO;
				DEBUG_INFORMATION_FORMAT = dwarf;
				ENABLE_STRICT_OBJC_MSGSEND = YES;
				ENABLE_TESTABILITY = YES;
				GCC_C_LANGUAGE_STANDARD = gnu11;
				GCC_DYNAMIC_NO_PIC = NO;
				GCC_NO_COMMON_BLOCKS = YES;
				GCC_OPTIMIZATION_LEVEL = 0;
				GCC_PREPROCESSOR_DEFINITIONS = (
					"DEBUG=1",
					"$(inherited)",
				);
				GCC_WARN_64_TO_32_BIT_CONVERSION = YES;
				GCC_WARN_ABOUT_RETURN_TYPE = YES_ERROR;
				GCC_WARN_UNDECLARED_SELECTOR = YES;
				GCC_WARN_UNINITIALIZED_AUTOS = YES_AGGRESSIVE;
				GCC_WARN_UNUSED_FUNCTION = YES;
				GCC_WARN_UNUSED_VARIABLE = YES;
				IPHONEOS_DEPLOYMENT_TARGET = 15.4;
				MTL_ENABLE_DEBUG_INFO = INCLUDE_SOURCE;
				MTL_FAST_MATH = YES;
				ONLY_ACTIVE_ARCH = YES;
				SDKROOT = iphoneos;
				SWIFT_ACTIVE_COMPILATION_CONDITIONS = DEBUG;
				SWIFT_OPTIMIZATION_LEVEL = "-Onone";
			};
			name = Debug;
		};
		2971AFBE2800620000986860 /* Release */ = {
			isa = XCBuildConfiguration;
			buildSettings = {
				ALWAYS_SEARCH_USER_PATHS = NO;
				CLANG_ANALYZER_NONNULL = YES;
				CLANG_ANALYZER_NUMBER_OBJECT_CONVERSION = YES_AGGRESSIVE;
				CLANG_CXX_LANGUAGE_STANDARD = "gnu++17";
				CLANG_ENABLE_MODULES = YES;
				CLANG_ENABLE_OBJC_ARC = YES;
				CLANG_ENABLE_OBJC_WEAK = YES;
				CLANG_WARN_BLOCK_CAPTURE_AUTORELEASING = YES;
				CLANG_WARN_BOOL_CONVERSION = YES;
				CLANG_WARN_COMMA = YES;
				CLANG_WARN_CONSTANT_CONVERSION = YES;
				CLANG_WARN_DEPRECATED_OBJC_IMPLEMENTATIONS = YES;
				CLANG_WARN_DIRECT_OBJC_ISA_USAGE = YES_ERROR;
				CLANG_WARN_DOCUMENTATION_COMMENTS = YES;
				CLANG_WARN_EMPTY_BODY = YES;
				CLANG_WARN_ENUM_CONVERSION = YES;
				CLANG_WARN_INFINITE_RECURSION = YES;
				CLANG_WARN_INT_CONVERSION = YES;
				CLANG_WARN_NON_LITERAL_NULL_CONVERSION = YES;
				CLANG_WARN_OBJC_IMPLICIT_RETAIN_SELF = YES;
				CLANG_WARN_OBJC_LITERAL_CONVERSION = YES;
				CLANG_WARN_OBJC_ROOT_CLASS = YES_ERROR;
				CLANG_WARN_QUOTED_INCLUDE_IN_FRAMEWORK_HEADER = YES;
				CLANG_WARN_RANGE_LOOP_ANALYSIS = YES;
				CLANG_WARN_STRICT_PROTOTYPES = YES;
				CLANG_WARN_SUSPICIOUS_MOVE = YES;
				CLANG_WARN_UNGUARDED_AVAILABILITY = YES_AGGRESSIVE;
				CLANG_WARN_UNREACHABLE_CODE = YES;
				CLANG_WARN__DUPLICATE_METHOD_MATCH = YES;
				COPY_PHASE_STRIP = NO;
				DEBUG_INFORMATION_FORMAT = "dwarf-with-dsym";
				ENABLE_NS_ASSERTIONS = NO;
				ENABLE_STRICT_OBJC_MSGSEND = YES;
				GCC_C_LANGUAGE_STANDARD = gnu11;
				GCC_NO_COMMON_BLOCKS = YES;
				GCC_WARN_64_TO_32_BIT_CONVERSION = YES;
				GCC_WARN_ABOUT_RETURN_TYPE = YES_ERROR;
				GCC_WARN_UNDECLARED_SELECTOR = YES;
				GCC_WARN_UNINITIALIZED_AUTOS = YES_AGGRESSIVE;
				GCC_WARN_UNUSED_FUNCTION = YES;
				GCC_WARN_UNUSED_VARIABLE = YES;
				IPHONEOS_DEPLOYMENT_TARGET = 15.4;
				MTL_ENABLE_DEBUG_INFO = NO;
				MTL_FAST_MATH = YES;
				SDKROOT = iphoneos;
				SWIFT_COMPILATION_MODE = wholemodule;
				SWIFT_OPTIMIZATION_LEVEL = "-O";
				VALIDATE_PRODUCT = YES;
			};
			name = Release;
		};
		2971AFC02800620000986860 /* Debug */ = {
			isa = XCBuildConfiguration;
			buildSettings = {
				ASSETCATALOG_COMPILER_APPICON_NAME = AppIcon;
				ASSETCATALOG_COMPILER_GLOBAL_ACCENT_COLOR_NAME = AccentColor;
				CODE_SIGN_STYLE = Automatic;
				CURRENT_PROJECT_VERSION = 1;
				DEVELOPMENT_TEAM = 8JFXPZ4948;
				GENERATE_INFOPLIST_FILE = YES;
				INFOPLIST_FILE = AppTinder/Info.plist;
				INFOPLIST_KEY_UIApplicationSupportsIndirectInputEvents = YES;
				INFOPLIST_KEY_UILaunchStoryboardName = LaunchScreen;
				INFOPLIST_KEY_UIMainStoryboardFile = Main;
				INFOPLIST_KEY_UISupportedInterfaceOrientations_iPad = "UIInterfaceOrientationPortrait UIInterfaceOrientationPortraitUpsideDown UIInterfaceOrientationLandscapeLeft UIInterfaceOrientationLandscapeRight";
				INFOPLIST_KEY_UISupportedInterfaceOrientations_iPhone = "UIInterfaceOrientationPortrait UIInterfaceOrientationLandscapeLeft UIInterfaceOrientationLandscapeRight";
				LD_RUNPATH_SEARCH_PATHS = (
					"$(inherited)",
					"@executable_path/Frameworks",
				);
				MARKETING_VERSION = 1.0;
				PRODUCT_BUNDLE_IDENTIFIER = bielaragaoo.AppTinder;
				PRODUCT_NAME = "$(TARGET_NAME)";
				SWIFT_EMIT_LOC_STRINGS = YES;
				SWIFT_VERSION = 5.0;
				TARGETED_DEVICE_FAMILY = "1,2";
			};
			name = Debug;
		};
		2971AFC12800620000986860 /* Release */ = {
			isa = XCBuildConfiguration;
			buildSettings = {
				ASSETCATALOG_COMPILER_APPICON_NAME = AppIcon;
				ASSETCATALOG_COMPILER_GLOBAL_ACCENT_COLOR_NAME = AccentColor;
				CODE_SIGN_STYLE = Automatic;
				CURRENT_PROJECT_VERSION = 1;
				DEVELOPMENT_TEAM = 8JFXPZ4948;
				GENERATE_INFOPLIST_FILE = YES;
				INFOPLIST_FILE = AppTinder/Info.plist;
				INFOPLIST_KEY_UIApplicationSupportsIndirectInputEvents = YES;
				INFOPLIST_KEY_UILaunchStoryboardName = LaunchScreen;
				INFOPLIST_KEY_UIMainStoryboardFile = Main;
				INFOPLIST_KEY_UISupportedInterfaceOrientations_iPad = "UIInterfaceOrientationPortrait UIInterfaceOrientationPortraitUpsideDown UIInterfaceOrientationLandscapeLeft UIInterfaceOrientationLandscapeRight";
				INFOPLIST_KEY_UISupportedInterfaceOrientations_iPhone = "UIInterfaceOrientationPortrait UIInterfaceOrientationLandscapeLeft UIInterfaceOrientationLandscapeRight";
				LD_RUNPATH_SEARCH_PATHS = (
					"$(inherited)",
					"@executable_path/Frameworks",
				);
				MARKETING_VERSION = 1.0;
				PRODUCT_BUNDLE_IDENTIFIER = bielaragaoo.AppTinder;
				PRODUCT_NAME = "$(TARGET_NAME)";
				SWIFT_EMIT_LOC_STRINGS = YES;
				SWIFT_VERSION = 5.0;
				TARGETED_DEVICE_FAMILY = "1,2";
			};
			name = Release;
		};
/* End XCBuildConfiguration section */

/* Begin XCConfigurationList section */
		2971AFA62800620000986860 /* Build configuration list for PBXProject "AppTinder" */ = {
			isa = XCConfigurationList;
			buildConfigurations = (
				2971AFBD2800620000986860 /* Debug */,
				2971AFBE2800620000986860 /* Release */,
			);
			defaultConfigurationIsVisible = 0;
			defaultConfigurationName = Release;
		};
		2971AFBF2800620000986860 /* Build configuration list for PBXNativeTarget "AppTinder" */ = {
			isa = XCConfigurationList;
			buildConfigurations = (
				2971AFC02800620000986860 /* Debug */,
				2971AFC12800620000986860 /* Release */,
			);
			defaultConfigurationIsVisible = 0;
			defaultConfigurationName = Release;
		};
/* End XCConfigurationList section */
	};
	rootObject = 2971AFA32800620000986860 /* Project object */;
}
